
Microsoft Visual Studio Solution File, Format Version 12.00
# Visual Studio 15
VisualStudioVersion = 15.0.28307.1145
MinimumVisualStudioVersion = 10.0.40219.1
Project("{FAE04EC0-301F-11D3-BF4B-00C04F79EFBC}") = "RobotProgrammer", "RobotProgrammer\RobotProgrammer.csproj", "{533E35AE-657B-40B3-88B5-210656A7EA8F}"
EndProject
Global
	GlobalSection(SolutionConfigurationPlatforms) = preSolution
		Debug|Any CPU = Debug|Any CPU
		Release|Any CPU = Release|Any CPU
	EndGlobalSection
	GlobalSection(ProjectConfigurationPlatforms) = postSolution
		{533E35AE-657B-40B3-88B5-210656A7EA8F}.Debug|Any CPU.ActiveCfg = Debug|Any CPU
		{533E35AE-657B-40B3-88B5-210656A7EA8F}.Debug|Any CPU.Build.0 = Debug|Any CPU
		{533E35AE-657B-40B3-88B5-210656A7EA8F}.Release|Any CPU.ActiveCfg = Release|Any CPU
		{533E35AE-657B-40B3-88B5-210656A7EA8F}.Release|Any CPU.Build.0 = Release|Any CPU
	EndGlobalSection
	GlobalSection(SolutionProperties) = preSolution
		HideSolutionNode = FALSE
	EndGlobalSection
	GlobalSection(ExtensibilityGlobals) = postSolution
		SolutionGuid = {B173CC91-B48E-443F-951D-C9CC0FA3EA78}
	EndGlobalSection
EndGlobal
